// !$*UTF8*$!
{
	archiveVersion = 1;
	classes = {
	};
	objectVersion = 46;
	objects = {

/* Begin PBXBuildFile section */
		034F269A1A95463200E41037 /* AboutViewController.swift in Sources */ = {isa = PBXBuildFile; fileRef = 034F26991A95463200E41037 /* AboutViewController.swift */; };
		03FB08BB1A92AB72006C06C9 /* AppDelegate.swift in Sources */ = {isa = PBXBuildFile; fileRef = 03FB08BA1A92AB72006C06C9 /* AppDelegate.swift */; };
		03FB08BD1A92AB72006C06C9 /* ViewController.swift in Sources */ = {isa = PBXBuildFile; fileRef = 03FB08BC1A92AB72006C06C9 /* ViewController.swift */; };
		03FB08C01A92AB72006C06C9 /* Main.storyboard in Resources */ = {isa = PBXBuildFile; fileRef = 03FB08BE1A92AB72006C06C9 /* Main.storyboard */; };
		03FB08C21A92AB72006C06C9 /* Images.xcassets in Resources */ = {isa = PBXBuildFile; fileRef = 03FB08C11A92AB72006C06C9 /* Images.xcassets */; };
		03FB08C51A92AB72006C06C9 /* LaunchScreen.xib in Resources */ = {isa = PBXBuildFile; fileRef = 03FB08C31A92AB72006C06C9 /* LaunchScreen.xib */; };
		03FB08D11A92AB72006C06C9 /* Bullseye_rohitTests.swift in Sources */ = {isa = PBXBuildFile; fileRef = 03FB08D01A92AB72006C06C9 /* Bullseye_rohitTests.swift */; };
		AC92381C1A9581DA001C14D5 /* BullsEye.html in Resources */ = {isa = PBXBuildFile; fileRef = AC92381B1A9581DA001C14D5 /* BullsEye.html */; };
/* End PBXBuildFile section */

/* Begin PBXContainerItemProxy section */
		03FB08CB1A92AB72006C06C9 /* PBXContainerItemProxy */ = {
			isa = PBXContainerItemProxy;
			containerPortal = 03FB08AD1A92AB72006C06C9 /* Project object */;
			proxyType = 1;
			remoteGlobalIDString = 03FB08B41A92AB72006C06C9;
			remoteInfo = "Bullseye-rohit";
		};
/* End PBXContainerItemProxy section */

/* Begin PBXFileReference section */
		034F26991A95463200E41037 /* AboutViewController.swift */ = {isa = PBXFileReference; fileEncoding = 4; lastKnownFileType = sourcecode.swift; path = AboutViewController.swift; sourceTree = "<group>"; };
		03FB08B51A92AB72006C06C9 /* Bullseye-rohit.app */ = {isa = PBXFileReference; explicitFileType = wrapper.application; includeInIndex = 0; path = "Bullseye-rohit.app"; sourceTree = BUILT_PRODUCTS_DIR; };
		03FB08B91A92AB72006C06C9 /* Info.plist */ = {isa = PBXFileReference; lastKnownFileType = text.plist.xml; path = Info.plist; sourceTree = "<group>"; };
		03FB08BA1A92AB72006C06C9 /* AppDelegate.swift */ = {isa = PBXFileReference; lastKnownFileType = sourcecode.swift; path = AppDelegate.swift; sourceTree = "<group>"; };
		03FB08BC1A92AB72006C06C9 /* ViewController.swift */ = {isa = PBXFileReference; lastKnownFileType = sourcecode.swift; path = ViewController.swift; sourceTree = "<group>"; };
		03FB08BF1A92AB72006C06C9 /* Base */ = {isa = PBXFileReference; lastKnownFileType = file.storyboard; name = Base; path = Base.lproj/Main.storyboard; sourceTree = "<group>"; };
		03FB08C11A92AB72006C06C9 /* Images.xcassets */ = {isa = PBXFileReference; lastKnownFileType = folder.assetcatalog; path = Images.xcassets; sourceTree = "<group>"; };
		03FB08C41A92AB72006C06C9 /* Base */ = {isa = PBXFileReference; lastKnownFileType = file.xib; name = Base; path = Base.lproj/LaunchScreen.xib; sourceTree = "<group>"; };
		03FB08CA1A92AB72006C06C9 /* Bullseye-rohitTests.xctest */ = {isa = PBXFileReference; explicitFileType = wrapper.cfbundle; includeInIndex = 0; path = "Bullseye-rohitTests.xctest"; sourceTree = BUILT_PRODUCTS_DIR; };
		03FB08CF1A92AB72006C06C9 /* Info.plist */ = {isa = PBXFileReference; lastKnownFileType = text.plist.xml; path = Info.plist; sourceTree = "<group>"; };
		03FB08D01A92AB72006C06C9 /* Bullseye_rohitTests.swift */ = {isa = PBXFileReference; lastKnownFileType = sourcecode.swift; path = Bullseye_rohitTests.swift; sourceTree = "<group>"; };
		AC92381B1A9581DA001C14D5 /* BullsEye.html */ = {isa = PBXFileReference; fileEncoding = 4; lastKnownFileType = text.html; path = BullsEye.html; sourceTree = "<group>"; };
/* End PBXFileReference section */

/* Begin PBXFrameworksBuildPhase section */
		03FB08B21A92AB72006C06C9 /* Frameworks */ = {
			isa = PBXFrameworksBuildPhase;
			buildActionMask = 2147483647;
			files = (
			);
			runOnlyForDeploymentPostprocessing = 0;
		};
		03FB08C71A92AB72006C06C9 /* Frameworks */ = {
			isa = PBXFrameworksBuildPhase;
			buildActionMask = 2147483647;
			files = (
			);
			runOnlyForDeploymentPostprocessing = 0;
		};
/* End PBXFrameworksBuildPhase section */

/* Begin PBXGroup section */
		03FB08AC1A92AB72006C06C9 = {
			isa = PBXGroup;
			children = (
				03FB08B71A92AB72006C06C9 /* Bullseye-rohit */,
				03FB08CD1A92AB72006C06C9 /* Bullseye-rohitTests */,
				03FB08B61A92AB72006C06C9 /* Products */,
			);
			sourceTree = "<group>";
		};
		03FB08B61A92AB72006C06C9 /* Products */ = {
			isa = PBXGroup;
			children = (
				03FB08B51A92AB72006C06C9 /* Bullseye-rohit.app */,
				03FB08CA1A92AB72006C06C9 /* Bullseye-rohitTests.xctest */,
			);
			name = Products;
			sourceTree = "<group>";
		};
		03FB08B71A92AB72006C06C9 /* Bullseye-rohit */ = {
			isa = PBXGroup;
			children = (
				AC92381B1A9581DA001C14D5 /* BullsEye.html */,
				03FB08BA1A92AB72006C06C9 /* AppDelegate.swift */,
				03FB08BC1A92AB72006C06C9 /* ViewController.swift */,
				03FB08BE1A92AB72006C06C9 /* Main.storyboard */,
				034F26991A95463200E41037 /* AboutViewController.swift */,
				03FB08C11A92AB72006C06C9 /* Images.xcassets */,
				03FB08C31A92AB72006C06C9 /* LaunchScreen.xib */,
				03FB08B81A92AB72006C06C9 /* Supporting Files */,
			);
			path = "Bullseye-rohit";
			sourceTree = "<group>";
		};
		03FB08B81A92AB72006C06C9 /* Supporting Files */ = {
			isa = PBXGroup;
			children = (
				03FB08B91A92AB72006C06C9 /* Info.plist */,
			);
			name = "Supporting Files";
			sourceTree = "<group>";
		};
		03FB08CD1A92AB72006C06C9 /* Bullseye-rohitTests */ = {
			isa = PBXGroup;
			children = (
				03FB08D01A92AB72006C06C9 /* Bullseye_rohitTests.swift */,
				03FB08CE1A92AB72006C06C9 /* Supporting Files */,
			);
			path = "Bullseye-rohitTests";
			sourceTree = "<group>";
		};
		03FB08CE1A92AB72006C06C9 /* Supporting Files */ = {
			isa = PBXGroup;
			children = (
				03FB08CF1A92AB72006C06C9 /* Info.plist */,
			);
			name = "Supporting Files";
			sourceTree = "<group>";
		};
/* End PBXGroup section */

/* Begin PBXNativeTarget section */
		03FB08B41A92AB72006C06C9 /* Bullseye-rohit */ = {
			isa = PBXNativeTarget;
			buildConfigurationList = 03FB08D41A92AB72006C06C9 /* Build configuration list for PBXNativeTarget "Bullseye-rohit" */;
			buildPhases = (
				03FB08B11A92AB72006C06C9 /* Sources */,
				03FB08B21A92AB72006C06C9 /* Frameworks */,
				03FB08B31A92AB72006C06C9 /* Resources */,
			);
			buildRules = (
			);
			dependencies = (
			);
			name = "Bullseye-rohit";
			productName = "Bullseye-rohit";
			productReference = 03FB08B51A92AB72006C06C9 /* Bullseye-rohit.app */;
			productType = "com.apple.product-type.application";
		};
		03FB08C91A92AB72006C06C9 /* Bullseye-rohitTests */ = {
			isa = PBXNativeTarget;
			buildConfigurationList = 03FB08D71A92AB72006C06C9 /* Build configuration list for PBXNativeTarget "Bullseye-rohitTests" */;
			buildPhases = (
				03FB08C61A92AB72006C06C9 /* Sources */,
				03FB08C71A92AB72006C06C9 /* Frameworks */,
				03FB08C81A92AB72006C06C9 /* Resources */,
			);
			buildRules = (
			);
			dependencies = (
				03FB08CC1A92AB72006C06C9 /* PBXTargetDependency */,
			);
			name = "Bullseye-rohitTests";
			productName = "Bullseye-rohitTests";
			productReference = 03FB08CA1A92AB72006C06C9 /* Bullseye-rohitTests.xctest */;
			productType = "com.apple.product-type.bundle.unit-test";
		};
/* End PBXNativeTarget section */

/* Begin PBXProject section */
		03FB08AD1A92AB72006C06C9 /* Project object */ = {
			isa = PBXProject;
			attributes = {
				LastUpgradeCheck = 0610;
				ORGANIZATIONNAME = bo120;
				TargetAttributes = {
					03FB08B41A92AB72006C06C9 = {
						CreatedOnToolsVersion = 6.1.1;
					};
					03FB08C91A92AB72006C06C9 = {
						CreatedOnToolsVersion = 6.1.1;
						TestTargetID = 03FB08B41A92AB72006C06C9;
					};
				};
			};
			buildConfigurationList = 03FB08B01A92AB72006C06C9 /* Build configuration list for PBXProject "Bullseye-rohit" */;
			compatibilityVersion = "Xcode 3.2";
			developmentRegion = English;
			hasScannedForEncodings = 0;
			knownRegions = (
				en,
				Base,
			);
			mainGroup = 03FB08AC1A92AB72006C06C9;
			productRefGroup = 03FB08B61A92AB72006C06C9 /* Products */;
			projectDirPath = "";
			projectRoot = "";
			targets = (
				03FB08B41A92AB72006C06C9 /* Bullseye-rohit */,
				03FB08C91A92AB72006C06C9 /* Bullseye-rohitTests */,
			);
		};
/* End PBXProject section */

/* Begin PBXResourcesBuildPhase section */
		03FB08B31A92AB72006C06C9 /* Resources */ = {
			isa = PBXResourcesBuildPhase;
			buildActionMask = 2147483647;
			files = (
				03FB08C01A92AB72006C06C9 /* Main.storyboard in Resources */,
				AC92381C1A9581DA001C14D5 /* BullsEye.html in Resources */,
				03FB08C51A92AB72006C06C9 /* LaunchScreen.xib in Resources */,
				03FB08C21A92AB72006C06C9 /* Images.xcassets in Resources */,
			);
			runOnlyForDeploymentPostprocessing = 0;
		};
		03FB08C81A92AB72006C06C9 /* Resources */ = {
			isa = PBXResourcesBuildPhase;
			buildActionMask = 2147483647;
			files = (
			);
			runOnlyForDeploymentPostprocessing = 0;
		};
/* End PBXResourcesBuildPhase section */

/* Begin PBXSourcesBuildPhase section */
		03FB08B11A92AB72006C06C9 /* Sources */ = {
			isa = PBXSourcesBuildPhase;
			buildActionMask = 2147483647;
			files = (
				034F269A1A95463200E41037 /* AboutViewController.swift in Sources */,
				03FB08BD1A92AB72006C06C9 /* ViewController.swift in Sources */,
				03FB08BB1A92AB72006C06C9 /* AppDelegate.swift in Sources */,
			);
			runOnlyForDeploymentPostprocessing = 0;
		};
		03FB08C61A92AB72006C06C9 /* Sources */ = {
			isa = PBXSourcesBuildPhase;
			buildActionMask = 2147483647;
			files = (
				03FB08D11A92AB72006C06C9 /* Bullseye_rohitTests.swift in Sources */,
			);
			runOnlyForDeploymentPostprocessing = 0;
		};
/* End PBXSourcesBuildPhase section */

/* Begin PBXTargetDependency section */
		03FB08CC1A92AB72006C06C9 /* PBXTargetDependency */ = {
			isa = PBXTargetDependency;
			target = 03FB08B41A92AB72006C06C9 /* Bullseye-rohit */;
			targetProxy = 03FB08CB1A92AB72006C06C9 /* PBXContainerItemProxy */;
		};
/* End PBXTargetDependency section */

/* Begin PBXVariantGroup section */
		03FB08BE1A92AB72006C06C9 /* Main.storyboard */ = {
			isa = PBXVariantGroup;
			children = (
				03FB08BF1A92AB72006C06C9 /* Base */,
			);
			name = Main.storyboard;
			sourceTree = "<group>";
		};
		03FB08C31A92AB72006C06C9 /* LaunchScreen.xib */ = {
			isa = PBXVariantGroup;
			children = (
				03FB08C41A92AB72006C06C9 /* Base */,
			);
			name = LaunchScreen.xib;
			sourceTree = "<group>";
		};
/* End PBXVariantGroup section */

/* Begin XCBuildConfiguration section */
		03FB08D21A92AB72006C06C9 /* Debug */ = {
			isa = XCBuildConfiguration;
			buildSettings = {
				ALWAYS_SEARCH_USER_PATHS = NO;
				CLANG_CXX_LANGUAGE_STANDARD = "gnu++0x";
				CLANG_CXX_LIBRARY = "libc++";
				CLANG_ENABLE_MODULES = YES;
				CLANG_ENABLE_OBJC_ARC = YES;
				CLANG_WARN_BOOL_CONVERSION = YES;
				CLANG_WARN_CONSTANT_CONVERSION = YES;
				CLANG_WARN_DIRECT_OBJC_ISA_USAGE = YES_ERROR;
				CLANG_WARN_EMPTY_BODY = YES;
				CLANG_WARN_ENUM_CONVERSION = YES;
				CLANG_WARN_INT_CONVERSION = YES;
				CLANG_WARN_OBJC_ROOT_CLASS = YES_ERROR;
				CLANG_WARN_UNREACHABLE_CODE = YES;
				CLANG_WARN__DUPLICATE_METHOD_MATCH = YES;
				"CODE_SIGN_IDENTITY[sdk=iphoneos*]" = "iPhone Developer";
				COPY_PHASE_STRIP = NO;
				ENABLE_STRICT_OBJC_MSGSEND = YES;
				GCC_C_LANGUAGE_STANDARD = gnu99;
				GCC_DYNAMIC_NO_PIC = NO;
				GCC_OPTIMIZATION_LEVEL = 0;
				GCC_PREPROCESSOR_DEFINITIONS = (
					"DEBUG=1",
					"$(inherited)",
				);
				GCC_SYMBOLS_PRIVATE_EXTERN = NO;
				GCC_WARN_64_TO_32_BIT_CONVERSION = YES;
				GCC_WARN_ABOUT_RETURN_TYPE = YES_ERROR;
				GCC_WARN_UNDECLARED_SELECTOR = YES;
				GCC_WARN_UNINITIALIZED_AUTOS = YES_AGGRESSIVE;
				GCC_WARN_UNUSED_FUNCTION = YES;
				GCC_WARN_UNUSED_VARIABLE = YES;
				IPHONEOS_DEPLOYMENT_TARGET = 8.1;
				MTL_ENABLE_DEBUG_INFO = YES;
				ONLY_ACTIVE_ARCH = YES;
				SDKROOT = iphoneos;
				SWIFT_OPTIMIZATION_LEVEL = "-Onone";
			};
			name = Debug;
		};
		03FB08D31A92AB72006C06C9 /* Release */ = {
			isa = XCBuildConfiguration;
			buildSettings = {
				ALWAYS_SEARCH_USER_PATHS = NO;
				CLANG_CXX_LANGUAGE_STANDARD = "gnu++0x";
				CLANG_CXX_LIBRARY = "libc++";
				CLANG_ENABLE_MODULES = YES;
				CLANG_ENABLE_OBJC_ARC = YES;
				CLANG_WARN_BOOL_CONVERSION = YES;
				CLANG_WARN_CONSTANT_CONVERSION = YES;
				CLANG_WARN_DIRECT_OBJC_ISA_USAGE = YES_ERROR;
				CLANG_WARN_EMPTY_BODY = YES;
				CLANG_WARN_ENUM_CONVERSION = YES;
				CLANG_WARN_INT_CONVERSION = YES;
				CLANG_WARN_OBJC_ROOT_CLASS = YES_ERROR;
				CLANG_WARN_UNREACHABLE_CODE = YES;
				CLANG_WARN__DUPLICATE_METHOD_MATCH = YES;
				"CODE_SIGN_IDENTITY[sdk=iphoneos*]" = "iPhone Developer";
				COPY_PHASE_STRIP = YES;
				ENABLE_NS_ASSERTIONS = NO;
				ENABLE_STRICT_OBJC_MSGSEND = YES;
				GCC_C_LANGUAGE_STANDARD = gnu99;
				GCC_WARN_64_TO_32_BIT_CONVERSION = YES;
				GCC_WARN_ABOUT_RETURN_TYPE = YES_ERROR;
				GCC_WARN_UNDECLARED_SELECTOR = YES;
				GCC_WARN_UNINITIALIZED_AUTOS = YES_AGGRESSIVE;
				GCC_WARN_UNUSED_FUNCTION = YES;
				GCC_WARN_UNUSED_VARIABLE = YES;
				IPHONEOS_DEPLOYMENT_TARGET = 8.1;
				MTL_ENABLE_DEBUG_INFO = NO;
				SDKROOT = iphoneos;
				VALIDATE_PRODUCT = YES;
			};
			name = Release;
		};
		03FB08D51A92AB72006C06C9 /* Debug */ = {
			isa = XCBuildConfiguration;
			buildSettings = {
				ASSETCATALOG_COMPILER_APPICON_NAME = AppIcon;
				INFOPLIST_FILE = "Bullseye-rohit/Info.plist";
				LD_RUNPATH_SEARCH_PATHS = "$(inherited) @executable_path/Frameworks";
				PRODUCT_NAME = "$(TARGET_NAME)";
			};
			name = Debug;
		};
		03FB08D61A92AB72006C06C9 /* Release */ = {
			isa = XCBuildConfiguration;
			buildSettings = {
				ASSETCATALOG_COMPILER_APPICON_NAME = AppIcon;
				INFOPLIST_FILE = "Bullseye-rohit/Info.plist";
				LD_RUNPATH_SEARCH_PATHS = "$(inherited) @executable_path/Frameworks";
				PRODUCT_NAME = "$(TARGET_NAME)";
			};
			name = Release;
		};
		03FB08D81A92AB72006C06C9 /* Debug */ = {
			isa = XCBuildConfiguration;
			buildSettings = {
				BUNDLE_LOADER = "$(TEST_HOST)";
				FRAMEWORK_SEARCH_PATHS = (
					"$(SDKROOT)/Developer/Library/Frameworks",
					"$(inherited)",
				);
				GCC_PREPROCESSOR_DEFINITIONS = (
					"DEBUG=1",
					"$(inherited)",
				);
				INFOPLIST_FILE = "Bullseye-rohitTests/Info.plist";
				LD_RUNPATH_SEARCH_PATHS = "$(inherited) @executable_path/Frameworks @loader_path/Frameworks";
				PRODUCT_NAME = "$(TARGET_NAME)";
				TEST_HOST = "$(BUILT_PRODUCTS_DIR)/Bullseye-rohit.app/Bullseye-rohit";
			};
			name = Debug;
		};
		03FB08D91A92AB72006C06C9 /* Release */ = {
			isa = XCBuildConfiguration;
			buildSettings = {
				BUNDLE_LOADER = "$(TEST_HOST)";
				FRAMEWORK_SEARCH_PATHS = (
					"$(SDKROOT)/Developer/Library/Frameworks",
					"$(inherited)",
				);
				INFOPLIST_FILE = "Bullseye-rohitTests/Info.plist";
				LD_RUNPATH_SEARCH_PATHS = "$(inherited) @executable_path/Frameworks @loader_path/Frameworks";
				PRODUCT_NAME = "$(TARGET_NAME)";
				TEST_HOST = "$(BUILT_PRODUCTS_DIR)/Bullseye-rohit.app/Bullseye-rohit";
			};
			name = Release;
		};
/* End XCBuildConfiguration section */

/* Begin XCConfigurationList section */
		03FB08B01A92AB72006C06C9 /* Build configuration list for PBXProject "Bullseye-rohit" */ = {
			isa = XCConfigurationList;
			buildConfigurations = (
				03FB08D21A92AB72006C06C9 /* Debug */,
				03FB08D31A92AB72006C06C9 /* Release */,
			);
			defaultConfigurationIsVisible = 0;
			defaultConfigurationName = Release;
		};
		03FB08D41A92AB72006C06C9 /* Build configuration list for PBXNativeTarget "Bullseye-rohit" */ = {
			isa = XCConfigurationList;
			buildConfigurations = (
				03FB08D51A92AB72006C06C9 /* Debug */,
				03FB08D61A92AB72006C06C9 /* Release */,
			);
			defaultConfigurationIsVisible = 0;
			defaultConfigurationName = Release;
		};
		03FB08D71A92AB72006C06C9 /* Build configuration list for PBXNativeTarget "Bullseye-rohitTests" */ = {
			isa = XCConfigurationList;
			buildConfigurations = (
				03FB08D81A92AB72006C06C9 /* Debug */,
				03FB08D91A92AB72006C06C9 /* Release */,
			);
			defaultConfigurationIsVisible = 0;
			defaultConfigurationName = Release;
		};
/* End XCConfigurationList section */
	};
	rootObject = 03FB08AD1A92AB72006C06C9 /* Project object */;
}
